
Microsoft Visual Studio Solution File, Format Version 12.00
# Visual Studio Version 16
VisualStudioVersion = 25.0.1700.6
MinimumVisualStudioVersion = 10.0.40219.1
Project("{FAE04EC0-301F-11D3-BF4B-00C04F79EFBC}") = "DesignPattern", "DesignPattern\DesignPattern.csproj", "{06B475AA-00AA-4A16-B5FB-D2EAF2B512EA}"
EndProject
Global
	GlobalSection(SolutionConfigurationPlatforms) = preSolution
		Debug|Any CPU = Debug|Any CPU
		Release|Any CPU = Release|Any CPU
	EndGlobalSection
	GlobalSection(ProjectConfigurationPlatforms) = postSolution
		{06B475AA-00AA-4A16-B5FB-D2EAF2B512EA}.Debug|Any CPU.ActiveCfg = Debug|Any CPU
		{06B475AA-00AA-4A16-B5FB-D2EAF2B512EA}.Debug|Any CPU.Build.0 = Debug|Any CPU
		{06B475AA-00AA-4A16-B5FB-D2EAF2B512EA}.Release|Any CPU.ActiveCfg = Release|Any CPU
		{06B475AA-00AA-4A16-B5FB-D2EAF2B512EA}.Release|Any CPU.Build.0 = Release|Any CPU
	EndGlobalSection
	GlobalSection(SolutionProperties) = preSolution
		HideSolutionNode = FALSE
	EndGlobalSection
	GlobalSection(ExtensibilityGlobals) = postSolution
		SolutionGuid = {7869A456-FF9F-484E-BFEF-C1B80062148A}
	EndGlobalSection
EndGlobal
